
Microsoft Visual Studio Solution File, Format Version 12.00
# Visual Studio Version 16
VisualStudioVersion = 16.0.30711.63
MinimumVisualStudioVersion = 10.0.40219.1
Project("{FAE04EC0-301F-11D3-BF4B-00C04F79EFBC}") = "TTTN_OnlineShop", "TTTN_OnlineShop.csproj", "{EE770958-0C96-477A-9F27-02D317F57EDF}"
EndProject
Global
	GlobalSection(SolutionConfigurationPlatforms) = preSolution
		Debug|Any CPU = Debug|Any CPU
		Release|Any CPU = Release|Any CPU
	EndGlobalSection
	GlobalSection(ProjectConfigurationPlatforms) = postSolution
		{EE770958-0C96-477A-9F27-02D317F57EDF}.Debug|Any CPU.ActiveCfg = Debug|Any CPU
		{EE770958-0C96-477A-9F27-02D317F57EDF}.Debug|Any CPU.Build.0 = Debug|Any CPU
		{EE770958-0C96-477A-9F27-02D317F57EDF}.Release|Any CPU.ActiveCfg = Release|Any CPU
		{EE770958-0C96-477A-9F27-02D317F57EDF}.Release|Any CPU.Build.0 = Release|Any CPU
	EndGlobalSection
	GlobalSection(SolutionProperties) = preSolution
		HideSolutionNode = FALSE
	EndGlobalSection
	GlobalSection(ExtensibilityGlobals) = postSolution
		SolutionGuid = {ABF52B34-82BF-42F3-B568-8D1DB602896D}
	EndGlobalSection
EndGlobal
